{
	"name": "stream-video",
	"version": "1.0.0",
	"lockfileVersion": 2,
	"requires": true,
	"packages": {
		"": {
			"name": "stream-video",
			"version": "1.0.0",
			"license": "ISC",
			"dependencies": {
				"chalk": "^4.1.2",
				"clipboard": "^2.0.6",
				"cookie-parser": "^1.4.5",
				"crypto-js": "^4.0.0",
				"dotenv": "^8.2.0",
				"dotenv-expand": "^5.1.0",
				"ejs": "^3.1.3",
				"express": "^4.17.1",
				"express-session": "^1.17.1",
				"express-socket.io-session": "^1.3.5",
				"ffprobe-client": "^1.1.6",
				"fluent-ffmpeg": "^2.1.2",
				"morgan": "^1.10.0",
				"socket.io": "^4.4.1",
				"socket.io-cookie-parser": "^1.0.0",
				"str-temp": "^1.0.5",
				"uniqid": "^5.2.0"
			}
		},
		"node_modules/@socket.io/base64-arraybuffer": {
			"version": "1.0.2",
			"license": "MIT",
			"engines": {
				"node": ">= 0.6.0"
			}
		},
		"node_modules/@types/component-emitter": {
			"version": "1.2.11",
			"license": "MIT"
		},
		"node_modules/@types/cookie": {
			"version": "0.4.1",
			"license": "MIT"
		},
		"node_modules/@types/cors": {
			"version": "2.8.12",
			"license": "MIT"
		},
		"node_modules/@types/node": {
			"version": "17.0.18",
			"license": "MIT"
		},
		"node_modules/accepts": {
			"version": "1.3.8",
			"license": "MIT",
			"dependencies": {
				"mime-types": "~2.1.34",
				"negotiator": "0.6.3"
			},
			"engines": {
				"node": ">= 0.6"
			}
		},
		"node_modules/ansi-styles": {
			"version": "4.3.0",
			"resolved": "https://registry.npmjs.org/ansi-styles/-/ansi-styles-4.3.0.tgz",
			"integrity": "sha512-zbB9rCJAT1rbjiVDb2hqKFHNYLxgtk8NURxZ3IZwD3F6NtxbXZQCnnSi1Lkx+IDohdPlFp222wVALIheZJQSEg==",
			"dependencies": {
				"color-convert": "^2.0.1"
			},
			"engines": {
				"node": ">=8"
			},
			"funding": {
				"url": "https://github.com/chalk/ansi-styles?sponsor=1"
			}
		},
		"node_modules/array-flatten": {
			"version": "1.1.1",
			"license": "MIT"
		},
		"node_modules/async": {
			"version": "3.2.3",
			"license": "MIT"
		},
		"node_modules/balanced-match": {
			"version": "1.0.2",
			"license": "MIT"
		},
		"node_modules/base64-js": {
			"version": "1.5.1",
			"funding": [
				{
					"type": "github",
					"url": "https://github.com/sponsors/feross"
				},
				{
					"type": "patreon",
					"url": "https://www.patreon.com/feross"
				},
				{
					"type": "consulting",
					"url": "https://feross.org/support"
				}
			],
			"license": "MIT"
		},
		"node_modules/base64id": {
			"version": "2.0.0",
			"license": "MIT",
			"engines": {
				"node": "^4.5.0 || >= 5.9"
			}
		},
		"node_modules/basic-auth": {
			"version": "2.0.1",
			"license": "MIT",
			"dependencies": {
				"safe-buffer": "5.1.2"
			},
			"engines": {
				"node": ">= 0.8"
			}
		},
		"node_modules/basic-auth/node_modules/safe-buffer": {
			"version": "5.1.2",
			"license": "MIT"
		},
		"node_modules/body-parser": {
			"version": "1.19.1",
			"license": "MIT",
			"dependencies": {
				"bytes": "3.1.1",
				"content-type": "~1.0.4",
				"debug": "2.6.9",
				"depd": "~1.1.2",
				"http-errors": "1.8.1",
				"iconv-lite": "0.4.24",
				"on-finished": "~2.3.0",
				"qs": "6.9.6",
				"raw-body": "2.4.2",
				"type-is": "~1.6.18"
			},
			"engines": {
				"node": ">= 0.8"
			}
		},
		"node_modules/brace-expansion": {
			"version": "1.1.11",
			"license": "MIT",
			"dependencies": {
				"balanced-match": "^1.0.0",
				"concat-map": "0.0.1"
			}
		},
		"node_modules/buffer": {
			"version": "5.7.1",
			"funding": [
				{
					"type": "github",
					"url": "https://github.com/sponsors/feross"
				},
				{
					"type": "patreon",
					"url": "https://www.patreon.com/feross"
				},
				{
					"type": "consulting",
					"url": "https://feross.org/support"
				}
			],
			"license": "MIT",
			"dependencies": {
				"base64-js": "^1.3.1",
				"ieee754": "^1.1.13"
			}
		},
		"node_modules/bytes": {
			"version": "3.1.1",
			"license": "MIT",
			"engines": {
				"node": ">= 0.8"
			}
		},
		"node_modules/chalk": {
			"version": "4.1.2",
			"resolved": "https://registry.npmjs.org/chalk/-/chalk-4.1.2.tgz",
			"integrity": "sha512-oKnbhFyRIXpUuez8iBMmyEa4nbj4IOQyuhc/wy9kY7/WVPcwIO9VA668Pu8RkO7+0G76SLROeyw9CpQ061i4mA==",
			"dependencies": {
				"ansi-styles": "^4.1.0",
				"supports-color": "^7.1.0"
			},
			"engines": {
				"node": ">=10"
			},
			"funding": {
				"url": "https://github.com/chalk/chalk?sponsor=1"
			}
		},
		"node_modules/clipboard": {
			"version": "2.0.10",
			"license": "MIT",
			"dependencies": {
				"good-listener": "^1.2.2",
				"select": "^1.1.2",
				"tiny-emitter": "^2.0.0"
			}
		},
		"node_modules/color-convert": {
			"version": "2.0.1",
			"resolved": "https://registry.npmjs.org/color-convert/-/color-convert-2.0.1.tgz",
			"integrity": "sha512-RRECPsj7iu/xb5oKYcsFHSppFNnsj/52OVTRKb4zP5onXwVF3zVmmToNcOfGC+CRDpfK/U584fMg38ZHCaElKQ==",
			"dependencies": {
				"color-name": "~1.1.4"
			},
			"engines": {
				"node": ">=7.0.0"
			}
		},
		"node_modules/color-name": {
			"version": "1.1.4",
			"resolved": "https://registry.npmjs.org/color-name/-/color-name-1.1.4.tgz",
			"integrity": "sha512-dOy+3AuW3a2wNbZHIuMZpTcgjGuLU/uBL/ubcZF9OXbDo8ff4O8yVp5Bf0efS8uEoYo5q4Fx7dY9OgQGXgAsQA=="
		},
		"node_modules/component-emitter": {
			"version": "1.3.0",
			"license": "MIT"
		},
		"node_modules/concat-map": {
			"version": "0.0.1",
			"license": "MIT"
		},
		"node_modules/content-disposition": {
			"version": "0.5.4",
			"license": "MIT",
			"dependencies": {
				"safe-buffer": "5.2.1"
			},
			"engines": {
				"node": ">= 0.6"
			}
		},
		"node_modules/content-type": {
			"version": "1.0.4",
			"license": "MIT",
			"engines": {
				"node": ">= 0.6"
			}
		},
		"node_modules/cookie": {
			"version": "0.4.1",
			"license": "MIT",
			"engines": {
				"node": ">= 0.6"
			}
		},
		"node_modules/cookie-parser": {
			"version": "1.4.6",
			"license": "MIT",
			"dependencies": {
				"cookie": "0.4.1",
				"cookie-signature": "1.0.6"
			},
			"engines": {
				"node": ">= 0.8.0"
			}
		},
		"node_modules/cookie-signature": {
			"version": "1.0.6",
			"license": "MIT"
		},
		"node_modules/cors": {
			"version": "2.8.5",
			"license": "MIT",
			"dependencies": {
				"object-assign": "^4",
				"vary": "^1"
			},
			"engines": {
				"node": ">= 0.10"
			}
		},
		"node_modules/crc": {
			"version": "3.8.0",
			"license": "MIT",
			"dependencies": {
				"buffer": "^5.1.0"
			}
		},
		"node_modules/crypto-js": {
			"version": "4.1.1",
			"license": "MIT"
		},
		"node_modules/debug": {
			"version": "2.6.9",
			"license": "MIT",
			"dependencies": {
				"ms": "2.0.0"
			}
		},
		"node_modules/delegate": {
			"version": "3.2.0",
			"license": "MIT"
		},
		"node_modules/depd": {
			"version": "1.1.2",
			"license": "MIT",
			"engines": {
				"node": ">= 0.6"
			}
		},
		"node_modules/destroy": {
			"version": "1.0.4",
			"license": "MIT"
		},
		"node_modules/dotenv": {
			"version": "8.6.0",
			"license": "BSD-2-Clause",
			"engines": {
				"node": ">=10"
			}
		},
		"node_modules/dotenv-expand": {
			"version": "5.1.0",
			"license": "BSD-2-Clause"
		},
		"node_modules/ee-first": {
			"version": "1.1.1",
			"license": "MIT"
		},
		"node_modules/ejs": {
			"version": "3.1.7",
			"license": "Apache-2.0",
			"dependencies": {
				"jake": "^10.8.5"
			},
			"bin": {
				"ejs": "bin/cli.js"
			},
			"engines": {
				"node": ">=0.10.0"
			}
		},
		"node_modules/encodeurl": {
			"version": "1.0.2",
			"license": "MIT",
			"engines": {
				"node": ">= 0.8"
			}
		},
		"node_modules/engine.io": {
			"version": "6.1.2",
			"license": "MIT",
			"dependencies": {
				"@types/cookie": "^0.4.1",
				"@types/cors": "^2.8.12",
				"@types/node": ">=10.0.0",
				"accepts": "~1.3.4",
				"base64id": "2.0.0",
				"cookie": "~0.4.1",
				"cors": "~2.8.5",
				"debug": "~4.3.1",
				"engine.io-parser": "~5.0.0",
				"ws": "~8.2.3"
			},
			"engines": {
				"node": ">=10.0.0"
			}
		},
		"node_modules/engine.io-parser": {
			"version": "5.0.3",
			"license": "MIT",
			"dependencies": {
				"@socket.io/base64-arraybuffer": "~1.0.2"
			},
			"engines": {
				"node": ">=10.0.0"
			}
		},
		"node_modules/engine.io/node_modules/debug": {
			"version": "4.3.3",
			"license": "MIT",
			"dependencies": {
				"ms": "2.1.2"
			},
			"engines": {
				"node": ">=6.0"
			},
			"peerDependenciesMeta": {
				"supports-color": {
					"optional": true
				}
			}
		},
		"node_modules/engine.io/node_modules/ms": {
			"version": "2.1.2",
			"license": "MIT"
		},
		"node_modules/escape-html": {
			"version": "1.0.3",
			"license": "MIT"
		},
		"node_modules/etag": {
			"version": "1.8.1",
			"license": "MIT",
			"engines": {
				"node": ">= 0.6"
			}
		},
		"node_modules/express": {
			"version": "4.17.2",
			"license": "MIT",
			"dependencies": {
				"accepts": "~1.3.7",
				"array-flatten": "1.1.1",
				"body-parser": "1.19.1",
				"content-disposition": "0.5.4",
				"content-type": "~1.0.4",
				"cookie": "0.4.1",
				"cookie-signature": "1.0.6",
				"debug": "2.6.9",
				"depd": "~1.1.2",
				"encodeurl": "~1.0.2",
				"escape-html": "~1.0.3",
				"etag": "~1.8.1",
				"finalhandler": "~1.1.2",
				"fresh": "0.5.2",
				"merge-descriptors": "1.0.1",
				"methods": "~1.1.2",
				"on-finished": "~2.3.0",
				"parseurl": "~1.3.3",
				"path-to-regexp": "0.1.7",
				"proxy-addr": "~2.0.7",
				"qs": "6.9.6",
				"range-parser": "~1.2.1",
				"safe-buffer": "5.2.1",
				"send": "0.17.2",
				"serve-static": "1.14.2",
				"setprototypeof": "1.2.0",
				"statuses": "~1.5.0",
				"type-is": "~1.6.18",
				"utils-merge": "1.0.1",
				"vary": "~1.1.2"
			},
			"engines": {
				"node": ">= 0.10.0"
			}
		},
		"node_modules/express-session": {
			"version": "1.17.2",
			"license": "MIT",
			"dependencies": {
				"cookie": "0.4.1",
				"cookie-signature": "1.0.6",
				"debug": "2.6.9",
				"depd": "~2.0.0",
				"on-headers": "~1.0.2",
				"parseurl": "~1.3.3",
				"safe-buffer": "5.2.1",
				"uid-safe": "~2.1.5"
			},
			"engines": {
				"node": ">= 0.8.0"
			}
		},
		"node_modules/express-session/node_modules/depd": {
			"version": "2.0.0",
			"license": "MIT",
			"engines": {
				"node": ">= 0.8"
			}
		},
		"node_modules/express-socket.io-session": {
			"version": "1.3.5",
			"license": "MIT",
			"dependencies": {
				"cookie-parser": "~1.3.3",
				"crc": "^3.3.0",
				"debug": "~2.6.0"
			}
		},
		"node_modules/express-socket.io-session/node_modules/cookie": {
			"version": "0.1.3",
			"license": "MIT",
			"engines": {
				"node": "*"
			}
		},
		"node_modules/express-socket.io-session/node_modules/cookie-parser": {
			"version": "1.3.5",
			"license": "MIT",
			"dependencies": {
				"cookie": "0.1.3",
				"cookie-signature": "1.0.6"
			},
			"engines": {
				"node": ">= 0.8.0"
			}
		},
		"node_modules/ffprobe-client": {
			"version": "1.1.6",
			"license": "MIT"
		},
		"node_modules/filelist": {
			"version": "1.0.3",
			"license": "Apache-2.0",
			"dependencies": {
				"minimatch": "^5.0.1"
			}
		},
		"node_modules/filelist/node_modules/brace-expansion": {
			"version": "2.0.1",
			"license": "MIT",
			"dependencies": {
				"balanced-match": "^1.0.0"
			}
		},
		"node_modules/filelist/node_modules/minimatch": {
			"version": "5.0.1",
			"license": "ISC",
			"dependencies": {
				"brace-expansion": "^2.0.1"
			},
			"engines": {
				"node": ">=10"
			}
		},
		"node_modules/finalhandler": {
			"version": "1.1.2",
			"license": "MIT",
			"dependencies": {
				"debug": "2.6.9",
				"encodeurl": "~1.0.2",
				"escape-html": "~1.0.3",
				"on-finished": "~2.3.0",
				"parseurl": "~1.3.3",
				"statuses": "~1.5.0",
				"unpipe": "~1.0.0"
			},
			"engines": {
				"node": ">= 0.8"
			}
		},
		"node_modules/fluent-ffmpeg": {
			"version": "2.1.2",
			"license": "MIT",
			"dependencies": {
				"async": ">=0.2.9",
				"which": "^1.1.1"
			},
			"engines": {
				"node": ">=0.8.0"
			}
		},
		"node_modules/forwarded": {
			"version": "0.2.0",
			"license": "MIT",
			"engines": {
				"node": ">= 0.6"
			}
		},
		"node_modules/fresh": {
			"version": "0.5.2",
			"license": "MIT",
			"engines": {
				"node": ">= 0.6"
			}
		},
		"node_modules/good-listener": {
			"version": "1.2.2",
			"license": "MIT",
			"dependencies": {
				"delegate": "^3.1.2"
			}
		},
		"node_modules/has-flag": {
			"version": "4.0.0",
			"resolved": "https://registry.npmjs.org/has-flag/-/has-flag-4.0.0.tgz",
			"integrity": "sha512-EykJT/Q1KjTWctppgIAgfSO0tKVuZUjhgMr17kqTumMl6Afv3EISleU7qZUzoXDFTAHTDC4NOoG/ZxU3EvlMPQ==",
			"engines": {
				"node": ">=8"
			}
		},
		"node_modules/http-errors": {
			"version": "1.8.1",
			"license": "MIT",
			"dependencies": {
				"depd": "~1.1.2",
				"inherits": "2.0.4",
				"setprototypeof": "1.2.0",
				"statuses": ">= 1.5.0 < 2",
				"toidentifier": "1.0.1"
			},
			"engines": {
				"node": ">= 0.6"
			}
		},
		"node_modules/iconv-lite": {
			"version": "0.4.24",
			"license": "MIT",
			"dependencies": {
				"safer-buffer": ">= 2.1.2 < 3"
			},
			"engines": {
				"node": ">=0.10.0"
			}
		},
		"node_modules/ieee754": {
			"version": "1.2.1",
			"funding": [
				{
					"type": "github",
					"url": "https://github.com/sponsors/feross"
				},
				{
					"type": "patreon",
					"url": "https://www.patreon.com/feross"
				},
				{
					"type": "consulting",
					"url": "https://feross.org/support"
				}
			],
			"license": "BSD-3-Clause"
		},
		"node_modules/inherits": {
			"version": "2.0.4",
			"license": "ISC"
		},
		"node_modules/ipaddr.js": {
			"version": "1.9.1",
			"license": "MIT",
			"engines": {
				"node": ">= 0.10"
			}
		},
		"node_modules/isexe": {
			"version": "2.0.0",
			"license": "ISC"
		},
		"node_modules/jake": {
			"version": "10.8.5",
			"license": "Apache-2.0",
			"dependencies": {
				"async": "^3.2.3",
				"chalk": "^4.0.2",
				"filelist": "^1.0.1",
				"minimatch": "^3.0.4"
			},
			"bin": {
				"jake": "bin/cli.js"
			},
			"engines": {
				"node": ">=10"
			}
		},
		"node_modules/media-typer": {
			"version": "0.3.0",
			"license": "MIT",
			"engines": {
				"node": ">= 0.6"
			}
		},
		"node_modules/merge-descriptors": {
			"version": "1.0.1",
			"license": "MIT"
		},
		"node_modules/methods": {
			"version": "1.1.2",
			"license": "MIT",
			"engines": {
				"node": ">= 0.6"
			}
		},
		"node_modules/mime": {
			"version": "1.6.0",
			"license": "MIT",
			"bin": {
				"mime": "cli.js"
			},
			"engines": {
				"node": ">=4"
			}
		},
		"node_modules/mime-db": {
			"version": "1.51.0",
			"license": "MIT",
			"engines": {
				"node": ">= 0.6"
			}
		},
		"node_modules/mime-types": {
			"version": "2.1.34",
			"license": "MIT",
			"dependencies": {
				"mime-db": "1.51.0"
			},
			"engines": {
				"node": ">= 0.6"
			}
		},
		"node_modules/minimatch": {
			"version": "3.1.2",
			"license": "ISC",
			"dependencies": {
				"brace-expansion": "^1.1.7"
			},
			"engines": {
				"node": "*"
			}
		},
		"node_modules/morgan": {
			"version": "1.10.0",
			"license": "MIT",
			"dependencies": {
				"basic-auth": "~2.0.1",
				"debug": "2.6.9",
				"depd": "~2.0.0",
				"on-finished": "~2.3.0",
				"on-headers": "~1.0.2"
			},
			"engines": {
				"node": ">= 0.8.0"
			}
		},
		"node_modules/morgan/node_modules/depd": {
			"version": "2.0.0",
			"license": "MIT",
			"engines": {
				"node": ">= 0.8"
			}
		},
		"node_modules/ms": {
			"version": "2.0.0",
			"license": "MIT"
		},
		"node_modules/negotiator": {
			"version": "0.6.3",
			"license": "MIT",
			"engines": {
				"node": ">= 0.6"
			}
		},
		"node_modules/object-assign": {
			"version": "4.1.1",
			"license": "MIT",
			"engines": {
				"node": ">=0.10.0"
			}
		},
		"node_modules/on-finished": {
			"version": "2.3.0",
			"license": "MIT",
			"dependencies": {
				"ee-first": "1.1.1"
			},
			"engines": {
				"node": ">= 0.8"
			}
		},
		"node_modules/on-headers": {
			"version": "1.0.2",
			"license": "MIT",
			"engines": {
				"node": ">= 0.8"
			}
		},
		"node_modules/parseurl": {
			"version": "1.3.3",
			"license": "MIT",
			"engines": {
				"node": ">= 0.8"
			}
		},
		"node_modules/path-to-regexp": {
			"version": "0.1.7",
			"license": "MIT"
		},
		"node_modules/proxy-addr": {
			"version": "2.0.7",
			"license": "MIT",
			"dependencies": {
				"forwarded": "0.2.0",
				"ipaddr.js": "1.9.1"
			},
			"engines": {
				"node": ">= 0.10"
			}
		},
		"node_modules/qs": {
			"version": "6.9.6",
			"license": "BSD-3-Clause",
			"engines": {
				"node": ">=0.6"
			},
			"funding": {
				"url": "https://github.com/sponsors/ljharb"
			}
		},
		"node_modules/random-bytes": {
			"version": "1.0.0",
			"license": "MIT",
			"engines": {
				"node": ">= 0.8"
			}
		},
		"node_modules/range-parser": {
			"version": "1.2.1",
			"license": "MIT",
			"engines": {
				"node": ">= 0.6"
			}
		},
		"node_modules/raw-body": {
			"version": "2.4.2",
			"license": "MIT",
			"dependencies": {
				"bytes": "3.1.1",
				"http-errors": "1.8.1",
				"iconv-lite": "0.4.24",
				"unpipe": "1.0.0"
			},
			"engines": {
				"node": ">= 0.8"
			}
		},
		"node_modules/safe-buffer": {
			"version": "5.2.1",
			"funding": [
				{
					"type": "github",
					"url": "https://github.com/sponsors/feross"
				},
				{
					"type": "patreon",
					"url": "https://www.patreon.com/feross"
				},
				{
					"type": "consulting",
					"url": "https://feross.org/support"
				}
			],
			"license": "MIT"
		},
		"node_modules/safer-buffer": {
			"version": "2.1.2",
			"license": "MIT"
		},
		"node_modules/select": {
			"version": "1.1.2",
			"license": "MIT"
		},
		"node_modules/send": {
			"version": "0.17.2",
			"license": "MIT",
			"dependencies": {
				"debug": "2.6.9",
				"depd": "~1.1.2",
				"destroy": "~1.0.4",
				"encodeurl": "~1.0.2",
				"escape-html": "~1.0.3",
				"etag": "~1.8.1",
				"fresh": "0.5.2",
				"http-errors": "1.8.1",
				"mime": "1.6.0",
				"ms": "2.1.3",
				"on-finished": "~2.3.0",
				"range-parser": "~1.2.1",
				"statuses": "~1.5.0"
			},
			"engines": {
				"node": ">= 0.8.0"
			}
		},
		"node_modules/send/node_modules/ms": {
			"version": "2.1.3",
			"license": "MIT"
		},
		"node_modules/serve-static": {
			"version": "1.14.2",
			"license": "MIT",
			"dependencies": {
				"encodeurl": "~1.0.2",
				"escape-html": "~1.0.3",
				"parseurl": "~1.3.3",
				"send": "0.17.2"
			},
			"engines": {
				"node": ">= 0.8.0"
			}
		},
		"node_modules/setprototypeof": {
			"version": "1.2.0",
			"license": "ISC"
		},
		"node_modules/socket.io": {
			"version": "4.4.1",
			"license": "MIT",
			"dependencies": {
				"accepts": "~1.3.4",
				"base64id": "~2.0.0",
				"debug": "~4.3.2",
				"engine.io": "~6.1.0",
				"socket.io-adapter": "~2.3.3",
				"socket.io-parser": "~4.0.4"
			},
			"engines": {
				"node": ">=10.0.0"
			}
		},
		"node_modules/socket.io-adapter": {
			"version": "2.3.3",
			"license": "MIT"
		},
		"node_modules/socket.io-cookie-parser": {
			"version": "1.0.0",
			"license": "MIT",
			"dependencies": {
				"cookie-parser": "^1.3.2"
			}
		},
		"node_modules/socket.io-parser": {
			"version": "4.0.4",
			"license": "MIT",
			"dependencies": {
				"@types/component-emitter": "^1.2.10",
				"component-emitter": "~1.3.0",
				"debug": "~4.3.1"
			},
			"engines": {
				"node": ">=10.0.0"
			}
		},
		"node_modules/socket.io-parser/node_modules/debug": {
			"version": "4.3.3",
			"license": "MIT",
			"dependencies": {
				"ms": "2.1.2"
			},
			"engines": {
				"node": ">=6.0"
			},
			"peerDependenciesMeta": {
				"supports-color": {
					"optional": true
				}
			}
		},
		"node_modules/socket.io-parser/node_modules/ms": {
			"version": "2.1.2",
			"license": "MIT"
		},
		"node_modules/socket.io/node_modules/debug": {
			"version": "4.3.3",
			"license": "MIT",
			"dependencies": {
				"ms": "2.1.2"
			},
			"engines": {
				"node": ">=6.0"
			},
			"peerDependenciesMeta": {
				"supports-color": {
					"optional": true
				}
			}
		},
		"node_modules/socket.io/node_modules/ms": {
			"version": "2.1.2",
			"license": "MIT"
		},
		"node_modules/statuses": {
			"version": "1.5.0",
			"license": "MIT",
			"engines": {
				"node": ">= 0.6"
			}
		},
		"node_modules/str-temp": {
			"version": "1.0.5",
			"license": "ISC"
		},
		"node_modules/supports-color": {
			"version": "7.2.0",
			"resolved": "https://registry.npmjs.org/supports-color/-/supports-color-7.2.0.tgz",
			"integrity": "sha512-qpCAvRl9stuOHveKsn7HncJRvv501qIacKzQlO/+Lwxc9+0q2wLyv4Dfvt80/DPn2pqOBsJdDiogXGR9+OvwRw==",
			"dependencies": {
				"has-flag": "^4.0.0"
			},
			"engines": {
				"node": ">=8"
			}
		},
		"node_modules/tiny-emitter": {
			"version": "2.1.0",
			"license": "MIT"
		},
		"node_modules/toidentifier": {
			"version": "1.0.1",
			"license": "MIT",
			"engines": {
				"node": ">=0.6"
			}
		},
		"node_modules/type-is": {
			"version": "1.6.18",
			"license": "MIT",
			"dependencies": {
				"media-typer": "0.3.0",
				"mime-types": "~2.1.24"
			},
			"engines": {
				"node": ">= 0.6"
			}
		},
		"node_modules/uid-safe": {
			"version": "2.1.5",
			"license": "MIT",
			"dependencies": {
				"random-bytes": "~1.0.0"
			},
			"engines": {
				"node": ">= 0.8"
			}
		},
		"node_modules/uniqid": {
			"version": "5.4.0",
			"license": "MIT"
		},
		"node_modules/unpipe": {
			"version": "1.0.0",
			"license": "MIT",
			"engines": {
				"node": ">= 0.8"
			}
		},
		"node_modules/utils-merge": {
			"version": "1.0.1",
			"license": "MIT",
			"engines": {
				"node": ">= 0.4.0"
			}
		},
		"node_modules/vary": {
			"version": "1.1.2",
			"license": "MIT",
			"engines": {
				"node": ">= 0.8"
			}
		},
		"node_modules/which": {
			"version": "1.3.1",
			"license": "ISC",
			"dependencies": {
				"isexe": "^2.0.0"
			},
			"bin": {
				"which": "bin/which"
			}
		},
		"node_modules/ws": {
			"version": "8.2.3",
			"license": "MIT",
			"engines": {
				"node": ">=10.0.0"
			},
			"peerDependencies": {
				"bufferutil": "^4.0.1",
				"utf-8-validate": "^5.0.2"
			},
			"peerDependenciesMeta": {
				"bufferutil": {
					"optional": true
				},
				"utf-8-validate": {
					"optional": true
				}
			}
		}
	},
	"dependencies": {
		"@socket.io/base64-arraybuffer": {
			"version": "1.0.2"
		},
		"@types/component-emitter": {
			"version": "1.2.11"
		},
		"@types/cookie": {
			"version": "0.4.1"
		},
		"@types/cors": {
			"version": "2.8.12"
		},
		"@types/node": {
			"version": "17.0.18"
		},
		"accepts": {
			"version": "1.3.8",
			"requires": {
				"mime-types": "~2.1.34",
				"negotiator": "0.6.3"
			}
		},
		"ansi-styles": {
			"version": "4.3.0",
			"resolved": "https://registry.npmjs.org/ansi-styles/-/ansi-styles-4.3.0.tgz",
			"integrity": "sha512-zbB9rCJAT1rbjiVDb2hqKFHNYLxgtk8NURxZ3IZwD3F6NtxbXZQCnnSi1Lkx+IDohdPlFp222wVALIheZJQSEg==",
			"requires": {
				"color-convert": "^2.0.1"
			}
		},
		"array-flatten": {
			"version": "1.1.1"
		},
		"async": {
			"version": "3.2.3"
		},
		"balanced-match": {
			"version": "1.0.2"
		},
		"base64-js": {
			"version": "1.5.1"
		},
		"base64id": {
			"version": "2.0.0"
		},
		"basic-auth": {
			"version": "2.0.1",
			"requires": {
				"safe-buffer": "5.1.2"
			},
			"dependencies": {
				"safe-buffer": {
					"version": "5.1.2"
				}
			}
		},
		"body-parser": {
			"version": "1.19.1",
			"requires": {
				"bytes": "3.1.1",
				"content-type": "~1.0.4",
				"debug": "2.6.9",
				"depd": "~1.1.2",
				"http-errors": "1.8.1",
				"iconv-lite": "0.4.24",
				"on-finished": "~2.3.0",
				"qs": "6.9.6",
				"raw-body": "2.4.2",
				"type-is": "~1.6.18"
			}
		},
		"brace-expansion": {
			"version": "1.1.11",
			"requires": {
				"balanced-match": "^1.0.0",
				"concat-map": "0.0.1"
			}
		},
		"buffer": {
			"version": "5.7.1",
			"requires": {
				"base64-js": "^1.3.1",
				"ieee754": "^1.1.13"
			}
		},
		"bytes": {
			"version": "3.1.1"
		},
		"chalk": {
			"version": "4.1.2",
			"resolved": "https://registry.npmjs.org/chalk/-/chalk-4.1.2.tgz",
			"integrity": "sha512-oKnbhFyRIXpUuez8iBMmyEa4nbj4IOQyuhc/wy9kY7/WVPcwIO9VA668Pu8RkO7+0G76SLROeyw9CpQ061i4mA==",
			"requires": {
				"ansi-styles": "^4.1.0",
				"supports-color": "^7.1.0"
			}
		},
		"clipboard": {
			"version": "2.0.10",
			"requires": {
				"good-listener": "^1.2.2",
				"select": "^1.1.2",
				"tiny-emitter": "^2.0.0"
			}
		},
		"color-convert": {
			"version": "2.0.1",
			"resolved": "https://registry.npmjs.org/color-convert/-/color-convert-2.0.1.tgz",
			"integrity": "sha512-RRECPsj7iu/xb5oKYcsFHSppFNnsj/52OVTRKb4zP5onXwVF3zVmmToNcOfGC+CRDpfK/U584fMg38ZHCaElKQ==",
			"requires": {
				"color-name": "~1.1.4"
			}
		},
		"color-name": {
			"version": "1.1.4",
			"resolved": "https://registry.npmjs.org/color-name/-/color-name-1.1.4.tgz",
			"integrity": "sha512-dOy+3AuW3a2wNbZHIuMZpTcgjGuLU/uBL/ubcZF9OXbDo8ff4O8yVp5Bf0efS8uEoYo5q4Fx7dY9OgQGXgAsQA=="
		},
		"component-emitter": {
			"version": "1.3.0"
		},
		"concat-map": {
			"version": "0.0.1"
		},
		"content-disposition": {
			"version": "0.5.4",
			"requires": {
				"safe-buffer": "5.2.1"
			}
		},
		"content-type": {
			"version": "1.0.4"
		},
		"cookie": {
			"version": "0.4.1"
		},
		"cookie-parser": {
			"version": "1.4.6",
			"requires": {
				"cookie": "0.4.1",
				"cookie-signature": "1.0.6"
			}
		},
		"cookie-signature": {
			"version": "1.0.6"
		},
		"cors": {
			"version": "2.8.5",
			"requires": {
				"object-assign": "^4",
				"vary": "^1"
			}
		},
		"crc": {
			"version": "3.8.0",
			"requires": {
				"buffer": "^5.1.0"
			}
		},
		"crypto-js": {
			"version": "4.1.1"
		},
		"debug": {
			"version": "2.6.9",
			"requires": {
				"ms": "2.0.0"
			}
		},
		"delegate": {
			"version": "3.2.0"
		},
		"depd": {
			"version": "1.1.2"
		},
		"destroy": {
			"version": "1.0.4"
		},
		"dotenv": {
			"version": "8.6.0"
		},
		"dotenv-expand": {
			"version": "5.1.0"
		},
		"ee-first": {
			"version": "1.1.1"
		},
		"ejs": {
			"version": "3.1.7",
			"requires": {
				"jake": "^10.8.5"
			}
		},
		"encodeurl": {
			"version": "1.0.2"
		},
		"engine.io": {
			"version": "6.1.2",
			"requires": {
				"@types/cookie": "^0.4.1",
				"@types/cors": "^2.8.12",
				"@types/node": ">=10.0.0",
				"accepts": "~1.3.4",
				"base64id": "2.0.0",
				"cookie": "~0.4.1",
				"cors": "~2.8.5",
				"debug": "~4.3.1",
				"engine.io-parser": "~5.0.0",
				"ws": "~8.2.3"
			},
			"dependencies": {
				"debug": {
					"version": "4.3.3",
					"requires": {
						"ms": "2.1.2"
					}
				},
				"ms": {
					"version": "2.1.2"
				}
			}
		},
		"engine.io-parser": {
			"version": "5.0.3",
			"requires": {
				"@socket.io/base64-arraybuffer": "~1.0.2"
			}
		},
		"escape-html": {
			"version": "1.0.3"
		},
		"etag": {
			"version": "1.8.1"
		},
		"express": {
			"version": "4.17.2",
			"requires": {
				"accepts": "~1.3.7",
				"array-flatten": "1.1.1",
				"body-parser": "1.19.1",
				"content-disposition": "0.5.4",
				"content-type": "~1.0.4",
				"cookie": "0.4.1",
				"cookie-signature": "1.0.6",
				"debug": "2.6.9",
				"depd": "~1.1.2",
				"encodeurl": "~1.0.2",
				"escape-html": "~1.0.3",
				"etag": "~1.8.1",
				"finalhandler": "~1.1.2",
				"fresh": "0.5.2",
				"merge-descriptors": "1.0.1",
				"methods": "~1.1.2",
				"on-finished": "~2.3.0",
				"parseurl": "~1.3.3",
				"path-to-regexp": "0.1.7",
				"proxy-addr": "~2.0.7",
				"qs": "6.9.6",
				"range-parser": "~1.2.1",
				"safe-buffer": "5.2.1",
				"send": "0.17.2",
				"serve-static": "1.14.2",
				"setprototypeof": "1.2.0",
				"statuses": "~1.5.0",
				"type-is": "~1.6.18",
				"utils-merge": "1.0.1",
				"vary": "~1.1.2"
			}
		},
		"express-session": {
			"version": "1.17.2",
			"requires": {
				"cookie": "0.4.1",
				"cookie-signature": "1.0.6",
				"debug": "2.6.9",
				"depd": "~2.0.0",
				"on-headers": "~1.0.2",
				"parseurl": "~1.3.3",
				"safe-buffer": "5.2.1",
				"uid-safe": "~2.1.5"
			},
			"dependencies": {
				"depd": {
					"version": "2.0.0"
				}
			}
		},
		"express-socket.io-session": {
			"version": "1.3.5",
			"requires": {
				"cookie-parser": "~1.3.3",
				"crc": "^3.3.0",
				"debug": "~2.6.0"
			},
			"dependencies": {
				"cookie": {
					"version": "0.1.3"
				},
				"cookie-parser": {
					"version": "1.3.5",
					"requires": {
						"cookie": "0.1.3",
						"cookie-signature": "1.0.6"
					}
				}
			}
		},
		"ffprobe-client": {
			"version": "1.1.6"
		},
		"filelist": {
			"version": "1.0.3",
			"requires": {
				"minimatch": "^5.0.1"
			},
			"dependencies": {
				"brace-expansion": {
					"version": "2.0.1",
					"requires": {
						"balanced-match": "^1.0.0"
					}
				},
				"minimatch": {
					"version": "5.0.1",
					"requires": {
						"brace-expansion": "^2.0.1"
					}
				}
			}
		},
		"finalhandler": {
			"version": "1.1.2",
			"requires": {
				"debug": "2.6.9",
				"encodeurl": "~1.0.2",
				"escape-html": "~1.0.3",
				"on-finished": "~2.3.0",
				"parseurl": "~1.3.3",
				"statuses": "~1.5.0",
				"unpipe": "~1.0.0"
			}
		},
		"fluent-ffmpeg": {
			"version": "2.1.2",
			"requires": {
				"async": ">=0.2.9",
				"which": "^1.1.1"
			}
		},
		"forwarded": {
			"version": "0.2.0"
		},
		"fresh": {
			"version": "0.5.2"
		},
		"good-listener": {
			"version": "1.2.2",
			"requires": {
				"delegate": "^3.1.2"
			}
		},
		"has-flag": {
			"version": "4.0.0",
			"resolved": "https://registry.npmjs.org/has-flag/-/has-flag-4.0.0.tgz",
			"integrity": "sha512-EykJT/Q1KjTWctppgIAgfSO0tKVuZUjhgMr17kqTumMl6Afv3EISleU7qZUzoXDFTAHTDC4NOoG/ZxU3EvlMPQ=="
		},
		"http-errors": {
			"version": "1.8.1",
			"requires": {
				"depd": "~1.1.2",
				"inherits": "2.0.4",
				"setprototypeof": "1.2.0",
				"statuses": ">= 1.5.0 < 2",
				"toidentifier": "1.0.1"
			}
		},
		"iconv-lite": {
			"version": "0.4.24",
			"requires": {
				"safer-buffer": ">= 2.1.2 < 3"
			}
		},
		"ieee754": {
			"version": "1.2.1"
		},
		"inherits": {
			"version": "2.0.4"
		},
		"ipaddr.js": {
			"version": "1.9.1"
		},
		"isexe": {
			"version": "2.0.0"
		},
		"jake": {
			"version": "10.8.5",
			"requires": {
				"async": "^3.2.3",
				"chalk": "^4.0.2",
				"filelist": "^1.0.1",
				"minimatch": "^3.0.4"
			}
		},
		"media-typer": {
			"version": "0.3.0"
		},
		"merge-descriptors": {
			"version": "1.0.1"
		},
		"methods": {
			"version": "1.1.2"
		},
		"mime": {
			"version": "1.6.0"
		},
		"mime-db": {
			"version": "1.51.0"
		},
		"mime-types": {
			"version": "2.1.34",
			"requires": {
				"mime-db": "1.51.0"
			}
		},
		"minimatch": {
			"version": "3.1.2",
			"requires": {
				"brace-expansion": "^1.1.7"
			}
		},
		"morgan": {
			"version": "1.10.0",
			"requires": {
				"basic-auth": "~2.0.1",
				"debug": "2.6.9",
				"depd": "~2.0.0",
				"on-finished": "~2.3.0",
				"on-headers": "~1.0.2"
			},
			"dependencies": {
				"depd": {
					"version": "2.0.0"
				}
			}
		},
		"ms": {
			"version": "2.0.0"
		},
		"negotiator": {
			"version": "0.6.3"
		},
		"object-assign": {
			"version": "4.1.1"
		},
		"on-finished": {
			"version": "2.3.0",
			"requires": {
				"ee-first": "1.1.1"
			}
		},
		"on-headers": {
			"version": "1.0.2"
		},
		"parseurl": {
			"version": "1.3.3"
		},
		"path-to-regexp": {
			"version": "0.1.7"
		},
		"proxy-addr": {
			"version": "2.0.7",
			"requires": {
				"forwarded": "0.2.0",
				"ipaddr.js": "1.9.1"
			}
		},
		"qs": {
			"version": "6.9.6"
		},
		"random-bytes": {
			"version": "1.0.0"
		},
		"range-parser": {
			"version": "1.2.1"
		},
		"raw-body": {
			"version": "2.4.2",
			"requires": {
				"bytes": "3.1.1",
				"http-errors": "1.8.1",
				"iconv-lite": "0.4.24",
				"unpipe": "1.0.0"
			}
		},
		"safe-buffer": {
			"version": "5.2.1"
		},
		"safer-buffer": {
			"version": "2.1.2"
		},
		"select": {
			"version": "1.1.2"
		},
		"send": {
			"version": "0.17.2",
			"requires": {
				"debug": "2.6.9",
				"depd": "~1.1.2",
				"destroy": "~1.0.4",
				"encodeurl": "~1.0.2",
				"escape-html": "~1.0.3",
				"etag": "~1.8.1",
				"fresh": "0.5.2",
				"http-errors": "1.8.1",
				"mime": "1.6.0",
				"ms": "2.1.3",
				"on-finished": "~2.3.0",
				"range-parser": "~1.2.1",
				"statuses": "~1.5.0"
			},
			"dependencies": {
				"ms": {
					"version": "2.1.3"
				}
			}
		},
		"serve-static": {
			"version": "1.14.2",
			"requires": {
				"encodeurl": "~1.0.2",
				"escape-html": "~1.0.3",
				"parseurl": "~1.3.3",
				"send": "0.17.2"
			}
		},
		"setprototypeof": {
			"version": "1.2.0"
		},
		"socket.io": {
			"version": "4.4.1",
			"requires": {
				"accepts": "~1.3.4",
				"base64id": "~2.0.0",
				"debug": "~4.3.2",
				"engine.io": "~6.1.0",
				"socket.io-adapter": "~2.3.3",
				"socket.io-parser": "~4.0.4"
			},
			"dependencies": {
				"debug": {
					"version": "4.3.3",
					"requires": {
						"ms": "2.1.2"
					}
				},
				"ms": {
					"version": "2.1.2"
				}
			}
		},
		"socket.io-adapter": {
			"version": "2.3.3"
		},
		"socket.io-cookie-parser": {
			"version": "1.0.0",
			"requires": {
				"cookie-parser": "^1.3.2"
			}
		},
		"socket.io-parser": {
			"version": "4.0.4",
			"requires": {
				"@types/component-emitter": "^1.2.10",
				"component-emitter": "~1.3.0",
				"debug": "~4.3.1"
			},
			"dependencies": {
				"debug": {
					"version": "4.3.3",
					"requires": {
						"ms": "2.1.2"
					}
				},
				"ms": {
					"version": "2.1.2"
				}
			}
		},
		"statuses": {
			"version": "1.5.0"
		},
		"str-temp": {
			"version": "1.0.5"
		},
		"supports-color": {
			"version": "7.2.0",
			"resolved": "https://registry.npmjs.org/supports-color/-/supports-color-7.2.0.tgz",
			"integrity": "sha512-qpCAvRl9stuOHveKsn7HncJRvv501qIacKzQlO/+Lwxc9+0q2wLyv4Dfvt80/DPn2pqOBsJdDiogXGR9+OvwRw==",
			"requires": {
				"has-flag": "^4.0.0"
			}
		},
		"tiny-emitter": {
			"version": "2.1.0"
		},
		"toidentifier": {
			"version": "1.0.1"
		},
		"type-is": {
			"version": "1.6.18",
			"requires": {
				"media-typer": "0.3.0",
				"mime-types": "~2.1.24"
			}
		},
		"uid-safe": {
			"version": "2.1.5",
			"requires": {
				"random-bytes": "~1.0.0"
			}
		},
		"uniqid": {
			"version": "5.4.0"
		},
		"unpipe": {
			"version": "1.0.0"
		},
		"utils-merge": {
			"version": "1.0.1"
		},
		"vary": {
			"version": "1.1.2"
		},
		"which": {
			"version": "1.3.1",
			"requires": {
				"isexe": "^2.0.0"
			}
		},
		"ws": {
			"version": "8.2.3",
			"requires": {}
		}
	}
}
